
Microsoft Visual Studio Solution File, Format Version 12.00
# Visual Studio Version 16
VisualStudioVersion = 16.0.31321.278
MinimumVisualStudioVersion = 10.0.40219.1
Project("{FAE04EC0-301F-11D3-BF4B-00C04F79EFBC}") = "Synchronization_Lock", "Synchronization_Lock\Synchronization_Lock.csproj", "{10695D65-22F4-4DAC-9CC3-DA37D1C4CE5B}"
EndProject
Global
	GlobalSection(SolutionConfigurationPlatforms) = preSolution
		Debug|Any CPU = Debug|Any CPU
		Release|Any CPU = Release|Any CPU
	EndGlobalSection
	GlobalSection(ProjectConfigurationPlatforms) = postSolution
		{10695D65-22F4-4DAC-9CC3-DA37D1C4CE5B}.Debug|Any CPU.ActiveCfg = Debug|Any CPU
		{10695D65-22F4-4DAC-9CC3-DA37D1C4CE5B}.Debug|Any CPU.Build.0 = Debug|Any CPU
		{10695D65-22F4-4DAC-9CC3-DA37D1C4CE5B}.Release|Any CPU.ActiveCfg = Release|Any CPU
		{10695D65-22F4-4DAC-9CC3-DA37D1C4CE5B}.Release|Any CPU.Build.0 = Release|Any CPU
	EndGlobalSection
	GlobalSection(SolutionProperties) = preSolution
		HideSolutionNode = FALSE
	EndGlobalSection
	GlobalSection(ExtensibilityGlobals) = postSolution
		SolutionGuid = {F8E08EFE-CB67-4292-9DC4-D2CAA3151A1D}
	EndGlobalSection
EndGlobal
